
Microsoft Visual Studio Solution File, Format Version 12.00
# Visual Studio Version 16
VisualStudioVersion = 16.0.30128.74
MinimumVisualStudioVersion = 10.0.40219.1
Project("{FAE04EC0-301F-11D3-BF4B-00C04F79EFBC}") = "TestRedisAzure", "TestRedisAzure\TestRedisAzure.csproj", "{600C2B5E-350C-4DEA-9760-36226F9B82ED}"
EndProject
Global
	GlobalSection(SolutionConfigurationPlatforms) = preSolution
		Debug|Any CPU = Debug|Any CPU
		Release|Any CPU = Release|Any CPU
	EndGlobalSection
	GlobalSection(ProjectConfigurationPlatforms) = postSolution
		{600C2B5E-350C-4DEA-9760-36226F9B82ED}.Debug|Any CPU.ActiveCfg = Debug|Any CPU
		{600C2B5E-350C-4DEA-9760-36226F9B82ED}.Debug|Any CPU.Build.0 = Debug|Any CPU
		{600C2B5E-350C-4DEA-9760-36226F9B82ED}.Release|Any CPU.ActiveCfg = Release|Any CPU
		{600C2B5E-350C-4DEA-9760-36226F9B82ED}.Release|Any CPU.Build.0 = Release|Any CPU
	EndGlobalSection
	GlobalSection(SolutionProperties) = preSolution
		HideSolutionNode = FALSE
	EndGlobalSection
	GlobalSection(ExtensibilityGlobals) = postSolution
		SolutionGuid = {50DD6434-5F7D-4C58-AA5D-D9BE4FEDE0C8}
	EndGlobalSection
EndGlobal
